{
  "name": "ietf-paymentauth-spec",
  "lockfileVersion": 3,
  "requires": true,
  "packages": {
    "": {
      "dependencies": {
        "md2xml": "0.0.1"
      }
    },
    "node_modules/md2xml": {
      "version": "0.0.1",
      "resolved": "https://registry.npmjs.org/md2xml/-/md2xml-0.0.1.tgz",
      "integrity": "sha512-JhbJfWKoWKxiqyBZUDnW9r75A5qMuWrI3yRZknSaZiFXv9nSKRi2f9MzvwfGH62o7ZPlw37YbcrkW7+joo1YBg==",
      "bin": {
        "md2xml": "dist/Cli.js",
        "md2xml.src": "src/Cli.ts"
      }
    }
  }
}
